// !$*UTF8*$!
{
	archiveVersion = 1;
	classes = {
	};
	objectVersion = 46;
	objects = {

/* Begin PBXBuildFile section */
		DF721BD41E37C189006DEC19 /* AppDelegate.swift in Sources */ = {isa = PBXBuildFile; fileRef = DF721BD31E37C189006DEC19 /* AppDelegate.swift */; };
		DF721BD61E37C189006DEC19 /* ViewController.swift in Sources */ = {isa = PBXBuildFile; fileRef = DF721BD51E37C189006DEC19 /* ViewController.swift */; };
		DF721BD91E37C189006DEC19 /* Main.storyboard in Resources */ = {isa = PBXBuildFile; fileRef = DF721BD71E37C189006DEC19 /* Main.storyboard */; };
		DF721BDB1E37C189006DEC19 /* Assets.xcassets in Resources */ = {isa = PBXBuildFile; fileRef = DF721BDA1E37C189006DEC19 /* Assets.xcassets */; };
		DF721BDE1E37C189006DEC19 /* LaunchScreen.storyboard in Resources */ = {isa = PBXBuildFile; fileRef = DF721BDC1E37C189006DEC19 /* LaunchScreen.storyboard */; };
		DF721BE61E37C6E2006DEC19 /* pokemon.csv in Resources */ = {isa = PBXBuildFile; fileRef = DF721BE51E37C6E2006DEC19 /* pokemon.csv */; };
/* End PBXBuildFile section */

/* Begin PBXFileReference section */
		DF721BD01E37C189006DEC19 /* pokedex.app */ = {isa = PBXFileReference; explicitFileType = wrapper.application; includeInIndex = 0; path = pokedex.app; sourceTree = BUILT_PRODUCTS_DIR; };
		DF721BD31E37C189006DEC19 /* AppDelegate.swift */ = {isa = PBXFileReference; lastKnownFileType = sourcecode.swift; path = AppDelegate.swift; sourceTree = "<group>"; };
		DF721BD51E37C189006DEC19 /* ViewController.swift */ = {isa = PBXFileReference; lastKnownFileType = sourcecode.swift; path = ViewController.swift; sourceTree = "<group>"; };
		DF721BD81E37C189006DEC19 /* Base */ = {isa = PBXFileReference; lastKnownFileType = file.storyboard; name = Base; path = Base.lproj/Main.storyboard; sourceTree = "<group>"; };
		DF721BDA1E37C189006DEC19 /* Assets.xcassets */ = {isa = PBXFileReference; lastKnownFileType = folder.assetcatalog; path = Assets.xcassets; sourceTree = "<group>"; };
		DF721BDD1E37C189006DEC19 /* Base */ = {isa = PBXFileReference; lastKnownFileType = file.storyboard; name = Base; path = Base.lproj/LaunchScreen.storyboard; sourceTree = "<group>"; };
		DF721BDF1E37C189006DEC19 /* Info.plist */ = {isa = PBXFileReference; lastKnownFileType = text.plist.xml; path = Info.plist; sourceTree = "<group>"; };
		DF721BE51E37C6E2006DEC19 /* pokemon.csv */ = {isa = PBXFileReference; fileEncoding = 4; lastKnownFileType = text; path = pokemon.csv; sourceTree = "<group>"; };
/* End PBXFileReference section */

/* Begin PBXFrameworksBuildPhase section */
		DF721BCD1E37C189006DEC19 /* Frameworks */ = {
			isa = PBXFrameworksBuildPhase;
			buildActionMask = 2147483647;
			files = (
			);
			runOnlyForDeploymentPostprocessing = 0;
		};
/* End PBXFrameworksBuildPhase section */

/* Begin PBXGroup section */
		DF721BC71E37C189006DEC19 = {
			isa = PBXGroup;
			children = (
				DF721BD21E37C189006DEC19 /* pokedex */,
				DF721BD11E37C189006DEC19 /* Products */,
			);
			sourceTree = "<group>";
		};
		DF721BD11E37C189006DEC19 /* Products */ = {
			isa = PBXGroup;
			children = (
				DF721BD01E37C189006DEC19 /* pokedex.app */,
			);
			name = Products;
			sourceTree = "<group>";
		};
		DF721BD21E37C189006DEC19 /* pokedex */ = {
			isa = PBXGroup;
			children = (
				DF721BD31E37C189006DEC19 /* AppDelegate.swift */,
				DF721BD51E37C189006DEC19 /* ViewController.swift */,
				DF721BD71E37C189006DEC19 /* Main.storyboard */,
				DF721BDA1E37C189006DEC19 /* Assets.xcassets */,
				DF721BE51E37C6E2006DEC19 /* pokemon.csv */,
				DF721BDC1E37C189006DEC19 /* LaunchScreen.storyboard */,
				DF721BDF1E37C189006DEC19 /* Info.plist */,
			);
			path = pokedex;
			sourceTree = "<group>";
		};
/* End PBXGroup section */

/* Begin PBXNativeTarget section */
		DF721BCF1E37C189006DEC19 /* pokedex */ = {
			isa = PBXNativeTarget;
			buildConfigurationList = DF721BE21E37C189006DEC19 /* Build configuration list for PBXNativeTarget "pokedex" */;
			buildPhases = (
				DF721BCC1E37C189006DEC19 /* Sources */,
				DF721BCD1E37C189006DEC19 /* Frameworks */,
				DF721BCE1E37C189006DEC19 /* Resources */,
			);
			buildRules = (
			);
			dependencies = (
			);
			name = pokedex;
			productName = pokedex;
			productReference = DF721BD01E37C189006DEC19 /* pokedex.app */;
			productType = "com.apple.product-type.application";
		};
/* End PBXNativeTarget section */

/* Begin PBXProject section */
		DF721BC81E37C189006DEC19 /* Project object */ = {
			isa = PBXProject;
			attributes = {
				LastSwiftUpdateCheck = 0820;
				LastUpgradeCheck = 0820;
				ORGANIZATIONNAME = "Alin Luca";
				TargetAttributes = {
					DF721BCF1E37C189006DEC19 = {
						CreatedOnToolsVersion = 8.2.1;
						DevelopmentTeam = V2BTSL4ECL;
						ProvisioningStyle = Automatic;
					};
				};
			};
			buildConfigurationList = DF721BCB1E37C189006DEC19 /* Build configuration list for PBXProject "pokedex" */;
			compatibilityVersion = "Xcode 3.2";
			developmentRegion = English;
			hasScannedForEncodings = 0;
			knownRegions = (
				en,
				Base,
			);
			mainGroup = DF721BC71E37C189006DEC19;
			productRefGroup = DF721BD11E37C189006DEC19 /* Products */;
			projectDirPath = "";
			projectRoot = "";
			targets = (
				DF721BCF1E37C189006DEC19 /* pokedex */,
			);
		};
/* End PBXProject section */

/* Begin PBXResourcesBuildPhase section */
		DF721BCE1E37C189006DEC19 /* Resources */ = {
			isa = PBXResourcesBuildPhase;
			buildActionMask = 2147483647;
			files = (
				DF721BDE1E37C189006DEC19 /* LaunchScreen.storyboard in Resources */,
				DF721BDB1E37C189006DEC19 /* Assets.xcassets in Resources */,
				DF721BE61E37C6E2006DEC19 /* pokemon.csv in Resources */,
				DF721BD91E37C189006DEC19 /* Main.storyboard in Resources */,
			);
			runOnlyForDeploymentPostprocessing = 0;
		};
/* End PBXResourcesBuildPhase section */

/* Begin PBXSourcesBuildPhase section */
		DF721BCC1E37C189006DEC19 /* Sources */ = {
			isa = PBXSourcesBuildPhase;
			buildActionMask = 2147483647;
			files = (
				DF721BD61E37C189006DEC19 /* ViewController.swift in Sources */,
				DF721BD41E37C189006DEC19 /* AppDelegate.swift in Sources */,
			);
			runOnlyForDeploymentPostprocessing = 0;
		};
/* End PBXSourcesBuildPhase section */

/* Begin PBXVariantGroup section */
		DF721BD71E37C189006DEC19 /* Main.storyboard */ = {
			isa = PBXVariantGroup;
			children = (
				DF721BD81E37C189006DEC19 /* Base */,
			);
			name = Main.storyboard;
			sourceTree = "<group>";
		};
		DF721BDC1E37C189006DEC19 /* LaunchScreen.storyboard */ = {
			isa = PBXVariantGroup;
			children = (
				DF721BDD1E37C189006DEC19 /* Base */,
			);
			name = LaunchScreen.storyboard;
			sourceTree = "<group>";
		};
/* End PBXVariantGroup section */

/* Begin XCBuildConfiguration section */
		DF721BE01E37C189006DEC19 /* Debug */ = {
			isa = XCBuildConfiguration;
			buildSettings = {
				ALWAYS_SEARCH_USER_PATHS = NO;
				CLANG_ANALYZER_NONNULL = YES;
				CLANG_CXX_LANGUAGE_STANDARD = "gnu++0x";
				CLANG_CXX_LIBRARY = "libc++";
				CLANG_ENABLE_MODULES = YES;
				CLANG_ENABLE_OBJC_ARC = YES;
				CLANG_WARN_BOOL_CONVERSION = YES;
				CLANG_WARN_CONSTANT_CONVERSION = YES;
				CLANG_WARN_DIRECT_OBJC_ISA_USAGE = YES_ERROR;
				CLANG_WARN_DOCUMENTATION_COMMENTS = YES;
				CLANG_WARN_EMPTY_BODY = YES;
				CLANG_WARN_ENUM_CONVERSION = YES;
				CLANG_WARN_INFINITE_RECURSION = YES;
				CLANG_WARN_INT_CONVERSION = YES;
				CLANG_WARN_OBJC_ROOT_CLASS = YES_ERROR;
				CLANG_WARN_SUSPICIOUS_MOVE = YES;
				CLANG_WARN_UNREACHABLE_CODE = YES;
				CLANG_WARN__DUPLICATE_METHOD_MATCH = YES;
				"CODE_SIGN_IDENTITY[sdk=iphoneos*]" = "iPhone Developer";
				COPY_PHASE_STRIP = NO;
				DEBUG_INFORMATION_FORMAT = dwarf;
				ENABLE_STRICT_OBJC_MSGSEND = YES;
				ENABLE_TESTABILITY = YES;
				GCC_C_LANGUAGE_STANDARD = gnu99;
				GCC_DYNAMIC_NO_PIC = NO;
				GCC_NO_COMMON_BLOCKS = YES;
				GCC_OPTIMIZATION_LEVEL = 0;
				GCC_PREPROCESSOR_DEFINITIONS = (
					"DEBUG=1",
					"$(inherited)",
				);
				GCC_WARN_64_TO_32_BIT_CONVERSION = YES;
				GCC_WARN_ABOUT_RETURN_TYPE = YES_ERROR;
				GCC_WARN_UNDECLARED_SELECTOR = YES;
				GCC_WARN_UNINITIALIZED_AUTOS = YES_AGGRESSIVE;
				GCC_WARN_UNUSED_FUNCTION = YES;
				GCC_WARN_UNUSED_VARIABLE = YES;
				IPHONEOS_DEPLOYMENT_TARGET = 10.2;
				MTL_ENABLE_DEBUG_INFO = YES;
				ONLY_ACTIVE_ARCH = YES;
				SDKROOT = iphoneos;
				SWIFT_ACTIVE_COMPILATION_CONDITIONS = DEBUG;
				SWIFT_OPTIMIZATION_LEVEL = "-Onone";
			};
			name = Debug;
		};
		DF721BE11E37C189006DEC19 /* Release */ = {
			isa = XCBuildConfiguration;
			buildSettings = {
				ALWAYS_SEARCH_USER_PATHS = NO;
				CLANG_ANALYZER_NONNULL = YES;
				CLANG_CXX_LANGUAGE_STANDARD = "gnu++0x";
				CLANG_CXX_LIBRARY = "libc++";
				CLANG_ENABLE_MODULES = YES;
				CLANG_ENABLE_OBJC_ARC = YES;
				CLANG_WARN_BOOL_CONVERSION = YES;
				CLANG_WARN_CONSTANT_CONVERSION = YES;
				CLANG_WARN_DIRECT_OBJC_ISA_USAGE = YES_ERROR;
				CLANG_WARN_DOCUMENTATION_COMMENTS = YES;
				CLANG_WARN_EMPTY_BODY = YES;
				CLANG_WARN_ENUM_CONVERSION = YES;
				CLANG_WARN_INFINITE_RECURSION = YES;
				CLANG_WARN_INT_CONVERSION = YES;
				CLANG_WARN_OBJC_ROOT_CLASS = YES_ERROR;
				CLANG_WARN_SUSPICIOUS_MOVE = YES;
				CLANG_WARN_UNREACHABLE_CODE = YES;
				CLANG_WARN__DUPLICATE_METHOD_MATCH = YES;
				"CODE_SIGN_IDENTITY[sdk=iphoneos*]" = "iPhone Developer";
				COPY_PHASE_STRIP = NO;
				DEBUG_INFORMATION_FORMAT = "dwarf-with-dsym";
				ENABLE_NS_ASSERTIONS = NO;
				ENABLE_STRICT_OBJC_MSGSEND = YES;
				GCC_C_LANGUAGE_STANDARD = gnu99;
				GCC_NO_COMMON_BLOCKS = YES;
				GCC_WARN_64_TO_32_BIT_CONVERSION = YES;
				GCC_WARN_ABOUT_RETURN_TYPE = YES_ERROR;
				GCC_WARN_UNDECLARED_SELECTOR = YES;
				GCC_WARN_UNINITIALIZED_AUTOS = YES_AGGRESSIVE;
				GCC_WARN_UNUSED_FUNCTION = YES;
				GCC_WARN_UNUSED_VARIABLE = YES;
				IPHONEOS_DEPLOYMENT_TARGET = 10.2;
				MTL_ENABLE_DEBUG_INFO = NO;
				SDKROOT = iphoneos;
				SWIFT_OPTIMIZATION_LEVEL = "-Owholemodule";
				VALIDATE_PRODUCT = YES;
			};
			name = Release;
		};
		DF721BE31E37C189006DEC19 /* Debug */ = {
			isa = XCBuildConfiguration;
			buildSettings = {
				ASSETCATALOG_COMPILER_APPICON_NAME = AppIcon;
				DEVELOPMENT_TEAM = V2BTSL4ECL;
				INFOPLIST_FILE = pokedex/Info.plist;
				LD_RUNPATH_SEARCH_PATHS = "$(inherited) @executable_path/Frameworks";
				PRODUCT_BUNDLE_IDENTIFIER = "Alin-Luca.pokedex";
				PRODUCT_NAME = "$(TARGET_NAME)";
				SWIFT_VERSION = 3.0;
			};
			name = Debug;
		};
		DF721BE41E37C189006DEC19 /* Release */ = {
			isa = XCBuildConfiguration;
			buildSettings = {
				ASSETCATALOG_COMPILER_APPICON_NAME = AppIcon;
				DEVELOPMENT_TEAM = V2BTSL4ECL;
				INFOPLIST_FILE = pokedex/Info.plist;
				LD_RUNPATH_SEARCH_PATHS = "$(inherited) @executable_path/Frameworks";
				PRODUCT_BUNDLE_IDENTIFIER = "Alin-Luca.pokedex";
				PRODUCT_NAME = "$(TARGET_NAME)";
				SWIFT_VERSION = 3.0;
			};
			name = Release;
		};
/* End XCBuildConfiguration section */

/* Begin XCConfigurationList section */
		DF721BCB1E37C189006DEC19 /* Build configuration list for PBXProject "pokedex" */ = {
			isa = XCConfigurationList;
			buildConfigurations = (
				DF721BE01E37C189006DEC19 /* Debug */,
				DF721BE11E37C189006DEC19 /* Release */,
			);
			defaultConfigurationIsVisible = 0;
			defaultConfigurationName = Release;
		};
		DF721BE21E37C189006DEC19 /* Build configuration list for PBXNativeTarget "pokedex" */ = {
			isa = XCConfigurationList;
			buildConfigurations = (
				DF721BE31E37C189006DEC19 /* Debug */,
				DF721BE41E37C189006DEC19 /* Release */,
			);
			defaultConfigurationIsVisible = 0;
		};
/* End XCConfigurationList section */
	};
	rootObject = DF721BC81E37C189006DEC19 /* Project object */;
}
